
Microsoft Visual Studio Solution File, Format Version 12.00
# Visual Studio 15
VisualStudioVersion = 15.0.28307.102
MinimumVisualStudioVersion = 10.0.40219.1
Project("{FAE04EC0-301F-11D3-BF4B-00C04F79EFBC}") = "task 1", "task 1\task 1.csproj", "{63333BDE-B414-457B-AE67-875B8CF4EAC3}"
EndProject
Project("{FAE04EC0-301F-11D3-BF4B-00C04F79EFBC}") = "task 2", "task 2\task 2.csproj", "{BDBCAF54-DF2A-4669-8612-28233E8BBD85}"
EndProject
Project("{FAE04EC0-301F-11D3-BF4B-00C04F79EFBC}") = "task 3", "task 3\task 3.csproj", "{F79388D9-AD84-45D6-A326-8C3D95358122}"
EndProject
Project("{FAE04EC0-301F-11D3-BF4B-00C04F79EFBC}") = "task 4", "task 4\task 4.csproj", "{1CCF0F87-C037-4C12-93C0-43B5EF9B2731}"
EndProject
Project("{FAE04EC0-301F-11D3-BF4B-00C04F79EFBC}") = "task 5", "task 5\task 5.csproj", "{EC6B60A6-21F3-41D3-8984-786E3947D95C}"
EndProject
Project("{FAE04EC0-301F-11D3-BF4B-00C04F79EFBC}") = "task 6", "task 6\task 6.csproj", "{8D48E1DD-5FFA-422F-96FB-D485BF174820}"
EndProject
Project("{FAE04EC0-301F-11D3-BF4B-00C04F79EFBC}") = "task 7", "task 7\task 7.csproj", "{F89862FD-C8C6-4422-A9EC-9816BBA0E5B7}"
EndProject
Project("{FAE04EC0-301F-11D3-BF4B-00C04F79EFBC}") = "task 8", "task 8\task 8.csproj", "{F79F2ADD-894F-4B6D-AC5F-F68E99FF25F6}"
EndProject
Project("{FAE04EC0-301F-11D3-BF4B-00C04F79EFBC}") = "task 9", "task 9\task 9.csproj", "{A6A85C2F-64D0-41BA-AC12-16E96F048BDC}"
EndProject
Project("{FAE04EC0-301F-11D3-BF4B-00C04F79EFBC}") = "task 10", "task 10\task 10.csproj", "{1DC0E655-3BC6-445E-9150-606AF7C9FDDF}"
EndProject
Project("{FAE04EC0-301F-11D3-BF4B-00C04F79EFBC}") = "task 11", "task 11\task 11.csproj", "{093CB572-B6E8-4D75-9946-7E4A98FCE056}"
EndProject
Project("{FAE04EC0-301F-11D3-BF4B-00C04F79EFBC}") = "task 12 a", "task 12\task 12 a.csproj", "{82D285B8-02B2-4037-BC57-E0067B338A89}"
EndProject
Project("{FAE04EC0-301F-11D3-BF4B-00C04F79EFBC}") = "task 13", "task 13\task 13.csproj", "{4FD6B732-6DDA-446A-9C69-5A64B4D12F75}"
EndProject
Project("{FAE04EC0-301F-11D3-BF4B-00C04F79EFBC}") = "task 14", "task 14\task 14.csproj", "{C5766AE5-5C5F-403F-8268-B08D78DA479A}"
EndProject
Project("{FAE04EC0-301F-11D3-BF4B-00C04F79EFBC}") = "task 15", "task 15\task 15.csproj", "{4B934AB8-74DB-47EB-8A54-D3B006184013}"
EndProject
Project("{FAE04EC0-301F-11D3-BF4B-00C04F79EFBC}") = "task 16", "task 16\task 16.csproj", "{282A368B-BD6F-405E-B516-E1658BC2E0F3}"
EndProject
Project("{FAE04EC0-301F-11D3-BF4B-00C04F79EFBC}") = "task 17", "task 17\task 17.csproj", "{20EB0EB4-46FA-4D21-81A0-78BEA4FDD5EC}"
EndProject
Project("{FAE04EC0-301F-11D3-BF4B-00C04F79EFBC}") = "task 18", "task 18\task 18.csproj", "{E671A07C-AD65-4024-BDE6-7745DAFAA492}"
EndProject
Project("{FAE04EC0-301F-11D3-BF4B-00C04F79EFBC}") = "task 19", "task 19\task 19.csproj", "{0D42577A-1E38-4EA4-8392-2E3FA0F38810}"
EndProject
Project("{FAE04EC0-301F-11D3-BF4B-00C04F79EFBC}") = "task 12 b", "task 12 b\task 12 b.csproj", "{F7ED2465-B2F4-4E4E-B969-76F236F4B596}"
EndProject
Project("{FAE04EC0-301F-11D3-BF4B-00C04F79EFBC}") = "task 12c", "task 12c\task 12c.csproj", "{114B127D-259D-437D-8255-B37CBA2F2B9C}"
EndProject
Project("{FAE04EC0-301F-11D3-BF4B-00C04F79EFBC}") = "task 12d", "task 12d\task 12d.csproj", "{EC3D8F75-C06B-4F75-813F-8C96E421D0B6}"
EndProject
Project("{FAE04EC0-301F-11D3-BF4B-00C04F79EFBC}") = "task 20", "task 20\task 20.csproj", "{F9E073E6-0570-43A9-A8C4-D2E157F40861}"
EndProject
Project("{FAE04EC0-301F-11D3-BF4B-00C04F79EFBC}") = "task 21", "task 21\task 21.csproj", "{9BD778FD-1E65-447C-9135-AF75125C49AC}"
EndProject
Project("{FAE04EC0-301F-11D3-BF4B-00C04F79EFBC}") = "task 22", "task 22\task 22.csproj", "{FB19F266-3F77-4DB3-97B2-76032BFFD937}"
EndProject
Project("{FAE04EC0-301F-11D3-BF4B-00C04F79EFBC}") = "task 23", "task 23\task 23.csproj", "{CB4B8454-C743-4C8D-9068-33FFB2ADD747}"
EndProject
Global
	GlobalSection(SolutionConfigurationPlatforms) = preSolution
		Debug|Any CPU = Debug|Any CPU
		Release|Any CPU = Release|Any CPU
	EndGlobalSection
	GlobalSection(ProjectConfigurationPlatforms) = postSolution
		{63333BDE-B414-457B-AE67-875B8CF4EAC3}.Debug|Any CPU.ActiveCfg = Debug|Any CPU
		{63333BDE-B414-457B-AE67-875B8CF4EAC3}.Debug|Any CPU.Build.0 = Debug|Any CPU
		{63333BDE-B414-457B-AE67-875B8CF4EAC3}.Release|Any CPU.ActiveCfg = Release|Any CPU
		{63333BDE-B414-457B-AE67-875B8CF4EAC3}.Release|Any CPU.Build.0 = Release|Any CPU
		{BDBCAF54-DF2A-4669-8612-28233E8BBD85}.Debug|Any CPU.ActiveCfg = Debug|Any CPU
		{BDBCAF54-DF2A-4669-8612-28233E8BBD85}.Debug|Any CPU.Build.0 = Debug|Any CPU
		{BDBCAF54-DF2A-4669-8612-28233E8BBD85}.Release|Any CPU.ActiveCfg = Release|Any CPU
		{BDBCAF54-DF2A-4669-8612-28233E8BBD85}.Release|Any CPU.Build.0 = Release|Any CPU
		{F79388D9-AD84-45D6-A326-8C3D95358122}.Debug|Any CPU.ActiveCfg = Debug|Any CPU
		{F79388D9-AD84-45D6-A326-8C3D95358122}.Debug|Any CPU.Build.0 = Debug|Any CPU
		{F79388D9-AD84-45D6-A326-8C3D95358122}.Release|Any CPU.ActiveCfg = Release|Any CPU
		{F79388D9-AD84-45D6-A326-8C3D95358122}.Release|Any CPU.Build.0 = Release|Any CPU
		{1CCF0F87-C037-4C12-93C0-43B5EF9B2731}.Debug|Any CPU.ActiveCfg = Debug|Any CPU
		{1CCF0F87-C037-4C12-93C0-43B5EF9B2731}.Debug|Any CPU.Build.0 = Debug|Any CPU
		{1CCF0F87-C037-4C12-93C0-43B5EF9B2731}.Release|Any CPU.ActiveCfg = Release|Any CPU
		{1CCF0F87-C037-4C12-93C0-43B5EF9B2731}.Release|Any CPU.Build.0 = Release|Any CPU
		{EC6B60A6-21F3-41D3-8984-786E3947D95C}.Debug|Any CPU.ActiveCfg = Debug|Any CPU
		{EC6B60A6-21F3-41D3-8984-786E3947D95C}.Debug|Any CPU.Build.0 = Debug|Any CPU
		{EC6B60A6-21F3-41D3-8984-786E3947D95C}.Release|Any CPU.ActiveCfg = Release|Any CPU
		{EC6B60A6-21F3-41D3-8984-786E3947D95C}.Release|Any CPU.Build.0 = Release|Any CPU
		{8D48E1DD-5FFA-422F-96FB-D485BF174820}.Debug|Any CPU.ActiveCfg = Debug|Any CPU
		{8D48E1DD-5FFA-422F-96FB-D485BF174820}.Debug|Any CPU.Build.0 = Debug|Any CPU
		{8D48E1DD-5FFA-422F-96FB-D485BF174820}.Release|Any CPU.ActiveCfg = Release|Any CPU
		{8D48E1DD-5FFA-422F-96FB-D485BF174820}.Release|Any CPU.Build.0 = Release|Any CPU
		{F89862FD-C8C6-4422-A9EC-9816BBA0E5B7}.Debug|Any CPU.ActiveCfg = Debug|Any CPU
		{F89862FD-C8C6-4422-A9EC-9816BBA0E5B7}.Debug|Any CPU.Build.0 = Debug|Any CPU
		{F89862FD-C8C6-4422-A9EC-9816BBA0E5B7}.Release|Any CPU.ActiveCfg = Release|Any CPU
		{F89862FD-C8C6-4422-A9EC-9816BBA0E5B7}.Release|Any CPU.Build.0 = Release|Any CPU
		{F79F2ADD-894F-4B6D-AC5F-F68E99FF25F6}.Debug|Any CPU.ActiveCfg = Debug|Any CPU
		{F79F2ADD-894F-4B6D-AC5F-F68E99FF25F6}.Debug|Any CPU.Build.0 = Debug|Any CPU
		{F79F2ADD-894F-4B6D-AC5F-F68E99FF25F6}.Release|Any CPU.ActiveCfg = Release|Any CPU
		{F79F2ADD-894F-4B6D-AC5F-F68E99FF25F6}.Release|Any CPU.Build.0 = Release|Any CPU
		{A6A85C2F-64D0-41BA-AC12-16E96F048BDC}.Debug|Any CPU.ActiveCfg = Debug|Any CPU
		{A6A85C2F-64D0-41BA-AC12-16E96F048BDC}.Debug|Any CPU.Build.0 = Debug|Any CPU
		{A6A85C2F-64D0-41BA-AC12-16E96F048BDC}.Release|Any CPU.ActiveCfg = Release|Any CPU
		{A6A85C2F-64D0-41BA-AC12-16E96F048BDC}.Release|Any CPU.Build.0 = Release|Any CPU
		{1DC0E655-3BC6-445E-9150-606AF7C9FDDF}.Debug|Any CPU.ActiveCfg = Debug|Any CPU
		{1DC0E655-3BC6-445E-9150-606AF7C9FDDF}.Debug|Any CPU.Build.0 = Debug|Any CPU
		{1DC0E655-3BC6-445E-9150-606AF7C9FDDF}.Release|Any CPU.ActiveCfg = Release|Any CPU
		{1DC0E655-3BC6-445E-9150-606AF7C9FDDF}.Release|Any CPU.Build.0 = Release|Any CPU
		{093CB572-B6E8-4D75-9946-7E4A98FCE056}.Debug|Any CPU.ActiveCfg = Debug|Any CPU
		{093CB572-B6E8-4D75-9946-7E4A98FCE056}.Debug|Any CPU.Build.0 = Debug|Any CPU
		{093CB572-B6E8-4D75-9946-7E4A98FCE056}.Release|Any CPU.ActiveCfg = Release|Any CPU
		{093CB572-B6E8-4D75-9946-7E4A98FCE056}.Release|Any CPU.Build.0 = Release|Any CPU
		{82D285B8-02B2-4037-BC57-E0067B338A89}.Debug|Any CPU.ActiveCfg = Debug|Any CPU
		{82D285B8-02B2-4037-BC57-E0067B338A89}.Debug|Any CPU.Build.0 = Debug|Any CPU
		{82D285B8-02B2-4037-BC57-E0067B338A89}.Release|Any CPU.ActiveCfg = Release|Any CPU
		{82D285B8-02B2-4037-BC57-E0067B338A89}.Release|Any CPU.Build.0 = Release|Any CPU
		{4FD6B732-6DDA-446A-9C69-5A64B4D12F75}.Debug|Any CPU.ActiveCfg = Debug|Any CPU
		{4FD6B732-6DDA-446A-9C69-5A64B4D12F75}.Debug|Any CPU.Build.0 = Debug|Any CPU
		{4FD6B732-6DDA-446A-9C69-5A64B4D12F75}.Release|Any CPU.ActiveCfg = Release|Any CPU
		{4FD6B732-6DDA-446A-9C69-5A64B4D12F75}.Release|Any CPU.Build.0 = Release|Any CPU
		{C5766AE5-5C5F-403F-8268-B08D78DA479A}.Debug|Any CPU.ActiveCfg = Debug|Any CPU
		{C5766AE5-5C5F-403F-8268-B08D78DA479A}.Debug|Any CPU.Build.0 = Debug|Any CPU
		{C5766AE5-5C5F-403F-8268-B08D78DA479A}.Release|Any CPU.ActiveCfg = Release|Any CPU
		{C5766AE5-5C5F-403F-8268-B08D78DA479A}.Release|Any CPU.Build.0 = Release|Any CPU
		{4B934AB8-74DB-47EB-8A54-D3B006184013}.Debug|Any CPU.ActiveCfg = Debug|Any CPU
		{4B934AB8-74DB-47EB-8A54-D3B006184013}.Debug|Any CPU.Build.0 = Debug|Any CPU
		{4B934AB8-74DB-47EB-8A54-D3B006184013}.Release|Any CPU.ActiveCfg = Release|Any CPU
		{4B934AB8-74DB-47EB-8A54-D3B006184013}.Release|Any CPU.Build.0 = Release|Any CPU
		{282A368B-BD6F-405E-B516-E1658BC2E0F3}.Debug|Any CPU.ActiveCfg = Debug|Any CPU
		{282A368B-BD6F-405E-B516-E1658BC2E0F3}.Debug|Any CPU.Build.0 = Debug|Any CPU
		{282A368B-BD6F-405E-B516-E1658BC2E0F3}.Release|Any CPU.ActiveCfg = Release|Any CPU
		{282A368B-BD6F-405E-B516-E1658BC2E0F3}.Release|Any CPU.Build.0 = Release|Any CPU
		{20EB0EB4-46FA-4D21-81A0-78BEA4FDD5EC}.Debug|Any CPU.ActiveCfg = Debug|Any CPU
		{20EB0EB4-46FA-4D21-81A0-78BEA4FDD5EC}.Debug|Any CPU.Build.0 = Debug|Any CPU
		{20EB0EB4-46FA-4D21-81A0-78BEA4FDD5EC}.Release|Any CPU.ActiveCfg = Release|Any CPU
		{20EB0EB4-46FA-4D21-81A0-78BEA4FDD5EC}.Release|Any CPU.Build.0 = Release|Any CPU
		{E671A07C-AD65-4024-BDE6-7745DAFAA492}.Debug|Any CPU.ActiveCfg = Debug|Any CPU
		{E671A07C-AD65-4024-BDE6-7745DAFAA492}.Debug|Any CPU.Build.0 = Debug|Any CPU
		{E671A07C-AD65-4024-BDE6-7745DAFAA492}.Release|Any CPU.ActiveCfg = Release|Any CPU
		{E671A07C-AD65-4024-BDE6-7745DAFAA492}.Release|Any CPU.Build.0 = Release|Any CPU
		{0D42577A-1E38-4EA4-8392-2E3FA0F38810}.Debug|Any CPU.ActiveCfg = Debug|Any CPU
		{0D42577A-1E38-4EA4-8392-2E3FA0F38810}.Debug|Any CPU.Build.0 = Debug|Any CPU
		{0D42577A-1E38-4EA4-8392-2E3FA0F38810}.Release|Any CPU.ActiveCfg = Release|Any CPU
		{0D42577A-1E38-4EA4-8392-2E3FA0F38810}.Release|Any CPU.Build.0 = Release|Any CPU
		{F7ED2465-B2F4-4E4E-B969-76F236F4B596}.Debug|Any CPU.ActiveCfg = Debug|Any CPU
		{F7ED2465-B2F4-4E4E-B969-76F236F4B596}.Debug|Any CPU.Build.0 = Debug|Any CPU
		{F7ED2465-B2F4-4E4E-B969-76F236F4B596}.Release|Any CPU.ActiveCfg = Release|Any CPU
		{F7ED2465-B2F4-4E4E-B969-76F236F4B596}.Release|Any CPU.Build.0 = Release|Any CPU
		{114B127D-259D-437D-8255-B37CBA2F2B9C}.Debug|Any CPU.ActiveCfg = Debug|Any CPU
		{114B127D-259D-437D-8255-B37CBA2F2B9C}.Debug|Any CPU.Build.0 = Debug|Any CPU
		{114B127D-259D-437D-8255-B37CBA2F2B9C}.Release|Any CPU.ActiveCfg = Release|Any CPU
		{114B127D-259D-437D-8255-B37CBA2F2B9C}.Release|Any CPU.Build.0 = Release|Any CPU
		{EC3D8F75-C06B-4F75-813F-8C96E421D0B6}.Debug|Any CPU.ActiveCfg = Debug|Any CPU
		{EC3D8F75-C06B-4F75-813F-8C96E421D0B6}.Debug|Any CPU.Build.0 = Debug|Any CPU
		{EC3D8F75-C06B-4F75-813F-8C96E421D0B6}.Release|Any CPU.ActiveCfg = Release|Any CPU
		{EC3D8F75-C06B-4F75-813F-8C96E421D0B6}.Release|Any CPU.Build.0 = Release|Any CPU
		{F9E073E6-0570-43A9-A8C4-D2E157F40861}.Debug|Any CPU.ActiveCfg = Debug|Any CPU
		{F9E073E6-0570-43A9-A8C4-D2E157F40861}.Debug|Any CPU.Build.0 = Debug|Any CPU
		{F9E073E6-0570-43A9-A8C4-D2E157F40861}.Release|Any CPU.ActiveCfg = Release|Any CPU
		{F9E073E6-0570-43A9-A8C4-D2E157F40861}.Release|Any CPU.Build.0 = Release|Any CPU
		{9BD778FD-1E65-447C-9135-AF75125C49AC}.Debug|Any CPU.ActiveCfg = Debug|Any CPU
		{9BD778FD-1E65-447C-9135-AF75125C49AC}.Debug|Any CPU.Build.0 = Debug|Any CPU
		{9BD778FD-1E65-447C-9135-AF75125C49AC}.Release|Any CPU.ActiveCfg = Release|Any CPU
		{9BD778FD-1E65-447C-9135-AF75125C49AC}.Release|Any CPU.Build.0 = Release|Any CPU
		{FB19F266-3F77-4DB3-97B2-76032BFFD937}.Debug|Any CPU.ActiveCfg = Debug|Any CPU
		{FB19F266-3F77-4DB3-97B2-76032BFFD937}.Debug|Any CPU.Build.0 = Debug|Any CPU
		{FB19F266-3F77-4DB3-97B2-76032BFFD937}.Release|Any CPU.ActiveCfg = Release|Any CPU
		{FB19F266-3F77-4DB3-97B2-76032BFFD937}.Release|Any CPU.Build.0 = Release|Any CPU
		{CB4B8454-C743-4C8D-9068-33FFB2ADD747}.Debug|Any CPU.ActiveCfg = Debug|Any CPU
		{CB4B8454-C743-4C8D-9068-33FFB2ADD747}.Debug|Any CPU.Build.0 = Debug|Any CPU
		{CB4B8454-C743-4C8D-9068-33FFB2ADD747}.Release|Any CPU.ActiveCfg = Release|Any CPU
		{CB4B8454-C743-4C8D-9068-33FFB2ADD747}.Release|Any CPU.Build.0 = Release|Any CPU
	EndGlobalSection
	GlobalSection(SolutionProperties) = preSolution
		HideSolutionNode = FALSE
	EndGlobalSection
	GlobalSection(ExtensibilityGlobals) = postSolution
		SolutionGuid = {7F28D964-3DE2-4BFD-A563-D6D4691FEFF0}
	EndGlobalSection
EndGlobal
